// !$*UTF8*$!
{
	archiveVersion = 1;
	classes = {
	};
	objectVersion = 48;
	objects = {

/* Begin PBXBuildFile section */
		8865CCCF1FEC0C40009633D1 /* AppDelegate.swift in Sources */ = {isa = PBXBuildFile; fileRef = 8865CCCE1FEC0C40009633D1 /* AppDelegate.swift */; };
		8865CCD11FEC0C40009633D1 /* ViewController.swift in Sources */ = {isa = PBXBuildFile; fileRef = 8865CCD01FEC0C40009633D1 /* ViewController.swift */; };
		8865CCD41FEC0C40009633D1 /* Main.storyboard in Resources */ = {isa = PBXBuildFile; fileRef = 8865CCD21FEC0C40009633D1 /* Main.storyboard */; };
		8865CCD61FEC0C40009633D1 /* Assets.xcassets in Resources */ = {isa = PBXBuildFile; fileRef = 8865CCD51FEC0C40009633D1 /* Assets.xcassets */; };
		8865CCD91FEC0C40009633D1 /* LaunchScreen.storyboard in Resources */ = {isa = PBXBuildFile; fileRef = 8865CCD71FEC0C40009633D1 /* LaunchScreen.storyboard */; };
		8865CCE41FEC0C40009633D1 /* BloodPressureTests.swift in Sources */ = {isa = PBXBuildFile; fileRef = 8865CCE31FEC0C40009633D1 /* BloodPressureTests.swift */; };
/* End PBXBuildFile section */

/* Begin PBXContainerItemProxy section */
		8865CCE01FEC0C40009633D1 /* PBXContainerItemProxy */ = {
			isa = PBXContainerItemProxy;
			containerPortal = 8865CCC31FEC0C40009633D1 /* Project object */;
			proxyType = 1;
			remoteGlobalIDString = 8865CCCA1FEC0C40009633D1;
			remoteInfo = BloodPressure;
		};
/* End PBXContainerItemProxy section */

/* Begin PBXFileReference section */
		8865CCCB1FEC0C40009633D1 /* BloodPressure.app */ = {isa = PBXFileReference; explicitFileType = wrapper.application; includeInIndex = 0; path = BloodPressure.app; sourceTree = BUILT_PRODUCTS_DIR; };
		8865CCCE1FEC0C40009633D1 /* AppDelegate.swift */ = {isa = PBXFileReference; lastKnownFileType = sourcecode.swift; path = AppDelegate.swift; sourceTree = "<group>"; };
		8865CCD01FEC0C40009633D1 /* ViewController.swift */ = {isa = PBXFileReference; lastKnownFileType = sourcecode.swift; path = ViewController.swift; sourceTree = "<group>"; };
		8865CCD31FEC0C40009633D1 /* Base */ = {isa = PBXFileReference; lastKnownFileType = file.storyboard; name = Base; path = Base.lproj/Main.storyboard; sourceTree = "<group>"; };
		8865CCD51FEC0C40009633D1 /* Assets.xcassets */ = {isa = PBXFileReference; lastKnownFileType = folder.assetcatalog; path = Assets.xcassets; sourceTree = "<group>"; };
		8865CCD81FEC0C40009633D1 /* Base */ = {isa = PBXFileReference; lastKnownFileType = file.storyboard; name = Base; path = Base.lproj/LaunchScreen.storyboard; sourceTree = "<group>"; };
		8865CCDA1FEC0C40009633D1 /* Info.plist */ = {isa = PBXFileReference; lastKnownFileType = text.plist.xml; path = Info.plist; sourceTree = "<group>"; };
		8865CCDF1FEC0C40009633D1 /* BloodPressureTests.xctest */ = {isa = PBXFileReference; explicitFileType = wrapper.cfbundle; includeInIndex = 0; path = BloodPressureTests.xctest; sourceTree = BUILT_PRODUCTS_DIR; };
		8865CCE31FEC0C40009633D1 /* BloodPressureTests.swift */ = {isa = PBXFileReference; lastKnownFileType = sourcecode.swift; path = BloodPressureTests.swift; sourceTree = "<group>"; };
		8865CCE51FEC0C40009633D1 /* Info.plist */ = {isa = PBXFileReference; lastKnownFileType = text.plist.xml; path = Info.plist; sourceTree = "<group>"; };
/* End PBXFileReference section */

/* Begin PBXFrameworksBuildPhase section */
		8865CCC81FEC0C40009633D1 /* Frameworks */ = {
			isa = PBXFrameworksBuildPhase;
			buildActionMask = 2147483647;
			files = (
			);
			runOnlyForDeploymentPostprocessing = 0;
		};
		8865CCDC1FEC0C40009633D1 /* Frameworks */ = {
			isa = PBXFrameworksBuildPhase;
			buildActionMask = 2147483647;
			files = (
			);
			runOnlyForDeploymentPostprocessing = 0;
		};
/* End PBXFrameworksBuildPhase section */

/* Begin PBXGroup section */
		8865CCC21FEC0C40009633D1 = {
			isa = PBXGroup;
			children = (
				8865CCCD1FEC0C40009633D1 /* BloodPressure */,
				8865CCE21FEC0C40009633D1 /* BloodPressureTests */,
				8865CCCC1FEC0C40009633D1 /* Products */,
			);
			sourceTree = "<group>";
		};
		8865CCCC1FEC0C40009633D1 /* Products */ = {
			isa = PBXGroup;
			children = (
				8865CCCB1FEC0C40009633D1 /* BloodPressure.app */,
				8865CCDF1FEC0C40009633D1 /* BloodPressureTests.xctest */,
			);
			name = Products;
			sourceTree = "<group>";
		};
		8865CCCD1FEC0C40009633D1 /* BloodPressure */ = {
			isa = PBXGroup;
			children = (
				8865CCCE1FEC0C40009633D1 /* AppDelegate.swift */,
				8865CCD01FEC0C40009633D1 /* ViewController.swift */,
				8865CCD21FEC0C40009633D1 /* Main.storyboard */,
				8865CCD51FEC0C40009633D1 /* Assets.xcassets */,
				8865CCD71FEC0C40009633D1 /* LaunchScreen.storyboard */,
				8865CCDA1FEC0C40009633D1 /* Info.plist */,
			);
			path = BloodPressure;
			sourceTree = "<group>";
		};
		8865CCE21FEC0C40009633D1 /* BloodPressureTests */ = {
			isa = PBXGroup;
			children = (
				8865CCE31FEC0C40009633D1 /* BloodPressureTests.swift */,
				8865CCE51FEC0C40009633D1 /* Info.plist */,
			);
			path = BloodPressureTests;
			sourceTree = "<group>";
		};
/* End PBXGroup section */

/* Begin PBXNativeTarget section */
		8865CCCA1FEC0C40009633D1 /* BloodPressure */ = {
			isa = PBXNativeTarget;
			buildConfigurationList = 8865CCE81FEC0C40009633D1 /* Build configuration list for PBXNativeTarget "BloodPressure" */;
			buildPhases = (
				8865CCC71FEC0C40009633D1 /* Sources */,
				8865CCC81FEC0C40009633D1 /* Frameworks */,
				8865CCC91FEC0C40009633D1 /* Resources */,
			);
			buildRules = (
			);
			dependencies = (
			);
			name = BloodPressure;
			productName = BloodPressure;
			productReference = 8865CCCB1FEC0C40009633D1 /* BloodPressure.app */;
			productType = "com.apple.product-type.application";
		};
		8865CCDE1FEC0C40009633D1 /* BloodPressureTests */ = {
			isa = PBXNativeTarget;
			buildConfigurationList = 8865CCEB1FEC0C40009633D1 /* Build configuration list for PBXNativeTarget "BloodPressureTests" */;
			buildPhases = (
				8865CCDB1FEC0C40009633D1 /* Sources */,
				8865CCDC1FEC0C40009633D1 /* Frameworks */,
				8865CCDD1FEC0C40009633D1 /* Resources */,
			);
			buildRules = (
			);
			dependencies = (
				8865CCE11FEC0C40009633D1 /* PBXTargetDependency */,
			);
			name = BloodPressureTests;
			productName = BloodPressureTests;
			productReference = 8865CCDF1FEC0C40009633D1 /* BloodPressureTests.xctest */;
			productType = "com.apple.product-type.bundle.unit-test";
		};
/* End PBXNativeTarget section */

/* Begin PBXProject section */
		8865CCC31FEC0C40009633D1 /* Project object */ = {
			isa = PBXProject;
			attributes = {
				LastSwiftUpdateCheck = 0920;
				LastUpgradeCheck = 0920;
				ORGANIZATIONNAME = "Aleksander Maj";
				TargetAttributes = {
					8865CCCA1FEC0C40009633D1 = {
						CreatedOnToolsVersion = 9.2;
						ProvisioningStyle = Automatic;
					};
					8865CCDE1FEC0C40009633D1 = {
						CreatedOnToolsVersion = 9.2;
						ProvisioningStyle = Automatic;
						TestTargetID = 8865CCCA1FEC0C40009633D1;
					};
				};
			};
			buildConfigurationList = 8865CCC61FEC0C40009633D1 /* Build configuration list for PBXProject "BloodPressure" */;
			compatibilityVersion = "Xcode 8.0";
			developmentRegion = en;
			hasScannedForEncodings = 0;
			knownRegions = (
				en,
				Base,
			);
			mainGroup = 8865CCC21FEC0C40009633D1;
			productRefGroup = 8865CCCC1FEC0C40009633D1 /* Products */;
			projectDirPath = "";
			projectRoot = "";
			targets = (
				8865CCCA1FEC0C40009633D1 /* BloodPressure */,
				8865CCDE1FEC0C40009633D1 /* BloodPressureTests */,
			);
		};
/* End PBXProject section */

/* Begin PBXResourcesBuildPhase section */
		8865CCC91FEC0C40009633D1 /* Resources */ = {
			isa = PBXResourcesBuildPhase;
			buildActionMask = 2147483647;
			files = (
				8865CCD91FEC0C40009633D1 /* LaunchScreen.storyboard in Resources */,
				8865CCD61FEC0C40009633D1 /* Assets.xcassets in Resources */,
				8865CCD41FEC0C40009633D1 /* Main.storyboard in Resources */,
			);
			runOnlyForDeploymentPostprocessing = 0;
		};
		8865CCDD1FEC0C40009633D1 /* Resources */ = {
			isa = PBXResourcesBuildPhase;
			buildActionMask = 2147483647;
			files = (
			);
			runOnlyForDeploymentPostprocessing = 0;
		};
/* End PBXResourcesBuildPhase section */

/* Begin PBXSourcesBuildPhase section */
		8865CCC71FEC0C40009633D1 /* Sources */ = {
			isa = PBXSourcesBuildPhase;
			buildActionMask = 2147483647;
			files = (
				8865CCD11FEC0C40009633D1 /* ViewController.swift in Sources */,
				8865CCCF1FEC0C40009633D1 /* AppDelegate.swift in Sources */,
			);
			runOnlyForDeploymentPostprocessing = 0;
		};
		8865CCDB1FEC0C40009633D1 /* Sources */ = {
			isa = PBXSourcesBuildPhase;
			buildActionMask = 2147483647;
			files = (
				8865CCE41FEC0C40009633D1 /* BloodPressureTests.swift in Sources */,
			);
			runOnlyForDeploymentPostprocessing = 0;
		};
/* End PBXSourcesBuildPhase section */

/* Begin PBXTargetDependency section */
		8865CCE11FEC0C40009633D1 /* PBXTargetDependency */ = {
			isa = PBXTargetDependency;
			target = 8865CCCA1FEC0C40009633D1 /* BloodPressure */;
			targetProxy = 8865CCE01FEC0C40009633D1 /* PBXContainerItemProxy */;
		};
/* End PBXTargetDependency section */

/* Begin PBXVariantGroup section */
		8865CCD21FEC0C40009633D1 /* Main.storyboard */ = {
			isa = PBXVariantGroup;
			children = (
				8865CCD31FEC0C40009633D1 /* Base */,
			);
			name = Main.storyboard;
			sourceTree = "<group>";
		};
		8865CCD71FEC0C40009633D1 /* LaunchScreen.storyboard */ = {
			isa = PBXVariantGroup;
			children = (
				8865CCD81FEC0C40009633D1 /* Base */,
			);
			name = LaunchScreen.storyboard;
			sourceTree = "<group>";
		};
/* End PBXVariantGroup section */

/* Begin XCBuildConfiguration section */
		8865CCE61FEC0C40009633D1 /* Debug */ = {
			isa = XCBuildConfiguration;
			buildSettings = {
				ALWAYS_SEARCH_USER_PATHS = NO;
				CLANG_ANALYZER_NONNULL = YES;
				CLANG_ANALYZER_NUMBER_OBJECT_CONVERSION = YES_AGGRESSIVE;
				CLANG_CXX_LANGUAGE_STANDARD = "gnu++14";
				CLANG_CXX_LIBRARY = "libc++";
				CLANG_ENABLE_MODULES = YES;
				CLANG_ENABLE_OBJC_ARC = YES;
				CLANG_WARN_BLOCK_CAPTURE_AUTORELEASING = YES;
				CLANG_WARN_BOOL_CONVERSION = YES;
				CLANG_WARN_COMMA = YES;
				CLANG_WARN_CONSTANT_CONVERSION = YES;
				CLANG_WARN_DIRECT_OBJC_ISA_USAGE = YES_ERROR;
				CLANG_WARN_DOCUMENTATION_COMMENTS = YES;
				CLANG_WARN_EMPTY_BODY = YES;
				CLANG_WARN_ENUM_CONVERSION = YES;
				CLANG_WARN_INFINITE_RECURSION = YES;
				CLANG_WARN_INT_CONVERSION = YES;
				CLANG_WARN_NON_LITERAL_NULL_CONVERSION = YES;
				CLANG_WARN_OBJC_LITERAL_CONVERSION = YES;
				CLANG_WARN_OBJC_ROOT_CLASS = YES_ERROR;
				CLANG_WARN_RANGE_LOOP_ANALYSIS = YES;
				CLANG_WARN_STRICT_PROTOTYPES = YES;
				CLANG_WARN_SUSPICIOUS_MOVE = YES;
				CLANG_WARN_UNGUARDED_AVAILABILITY = YES_AGGRESSIVE;
				CLANG_WARN_UNREACHABLE_CODE = YES;
				CLANG_WARN__DUPLICATE_METHOD_MATCH = YES;
				CODE_SIGN_IDENTITY = "iPhone Developer";
				COPY_PHASE_STRIP = NO;
				DEBUG_INFORMATION_FORMAT = dwarf;
				ENABLE_STRICT_OBJC_MSGSEND = YES;
				ENABLE_TESTABILITY = YES;
				GCC_C_LANGUAGE_STANDARD = gnu11;
				GCC_DYNAMIC_NO_PIC = NO;
				GCC_NO_COMMON_BLOCKS = YES;
				GCC_OPTIMIZATION_LEVEL = 0;
				GCC_PREPROCESSOR_DEFINITIONS = (
					"DEBUG=1",
					"$(inherited)",
				);
				GCC_WARN_64_TO_32_BIT_CONVERSION = YES;
				GCC_WARN_ABOUT_RETURN_TYPE = YES_ERROR;
				GCC_WARN_UNDECLARED_SELECTOR = YES;
				GCC_WARN_UNINITIALIZED_AUTOS = YES_AGGRESSIVE;
				GCC_WARN_UNUSED_FUNCTION = YES;
				GCC_WARN_UNUSED_VARIABLE = YES;
				IPHONEOS_DEPLOYMENT_TARGET = 11.2;
				MTL_ENABLE_DEBUG_INFO = YES;
				ONLY_ACTIVE_ARCH = YES;
				SDKROOT = iphoneos;
				SWIFT_ACTIVE_COMPILATION_CONDITIONS = DEBUG;
				SWIFT_OPTIMIZATION_LEVEL = "-Onone";
			};
			name = Debug;
		};
		8865CCE71FEC0C40009633D1 /* Release */ = {
			isa = XCBuildConfiguration;
			buildSettings = {
				ALWAYS_SEARCH_USER_PATHS = NO;
				CLANG_ANALYZER_NONNULL = YES;
				CLANG_ANALYZER_NUMBER_OBJECT_CONVERSION = YES_AGGRESSIVE;
				CLANG_CXX_LANGUAGE_STANDARD = "gnu++14";
				CLANG_CXX_LIBRARY = "libc++";
				CLANG_ENABLE_MODULES = YES;
				CLANG_ENABLE_OBJC_ARC = YES;
				CLANG_WARN_BLOCK_CAPTURE_AUTORELEASING = YES;
				CLANG_WARN_BOOL_CONVERSION = YES;
				CLANG_WARN_COMMA = YES;
				CLANG_WARN_CONSTANT_CONVERSION = YES;
				CLANG_WARN_DIRECT_OBJC_ISA_USAGE = YES_ERROR;
				CLANG_WARN_DOCUMENTATION_COMMENTS = YES;
				CLANG_WARN_EMPTY_BODY = YES;
				CLANG_WARN_ENUM_CONVERSION = YES;
				CLANG_WARN_INFINITE_RECURSION = YES;
				CLANG_WARN_INT_CONVERSION = YES;
				CLANG_WARN_NON_LITERAL_NULL_CONVERSION = YES;
				CLANG_WARN_OBJC_LITERAL_CONVERSION = YES;
				CLANG_WARN_OBJC_ROOT_CLASS = YES_ERROR;
				CLANG_WARN_RANGE_LOOP_ANALYSIS = YES;
				CLANG_WARN_STRICT_PROTOTYPES = YES;
				CLANG_WARN_SUSPICIOUS_MOVE = YES;
				CLANG_WARN_UNGUARDED_AVAILABILITY = YES_AGGRESSIVE;
				CLANG_WARN_UNREACHABLE_CODE = YES;
				CLANG_WARN__DUPLICATE_METHOD_MATCH = YES;
				CODE_SIGN_IDENTITY = "iPhone Developer";
				COPY_PHASE_STRIP = NO;
				DEBUG_INFORMATION_FORMAT = "dwarf-with-dsym";
				ENABLE_NS_ASSERTIONS = NO;
				ENABLE_STRICT_OBJC_MSGSEND = YES;
				GCC_C_LANGUAGE_STANDARD = gnu11;
				GCC_NO_COMMON_BLOCKS = YES;
				GCC_WARN_64_TO_32_BIT_CONVERSION = YES;
				GCC_WARN_ABOUT_RETURN_TYPE = YES_ERROR;
				GCC_WARN_UNDECLARED_SELECTOR = YES;
				GCC_WARN_UNINITIALIZED_AUTOS = YES_AGGRESSIVE;
				GCC_WARN_UNUSED_FUNCTION = YES;
				GCC_WARN_UNUSED_VARIABLE = YES;
				IPHONEOS_DEPLOYMENT_TARGET = 11.2;
				MTL_ENABLE_DEBUG_INFO = NO;
				SDKROOT = iphoneos;
				SWIFT_OPTIMIZATION_LEVEL = "-Owholemodule";
				VALIDATE_PRODUCT = YES;
			};
			name = Release;
		};
		8865CCE91FEC0C40009633D1 /* Debug */ = {
			isa = XCBuildConfiguration;
			buildSettings = {
				ASSETCATALOG_COMPILER_APPICON_NAME = AppIcon;
				CODE_SIGN_STYLE = Automatic;
				DEVELOPMENT_TEAM = 7E835U7QXG;
				INFOPLIST_FILE = BloodPressure/Info.plist;
				LD_RUNPATH_SEARCH_PATHS = "$(inherited) @executable_path/Frameworks";
				PRODUCT_BUNDLE_IDENTIFIER = com.htdevelopers.BloodPressure;
				PRODUCT_NAME = "$(TARGET_NAME)";
				SWIFT_VERSION = 4.0;
				TARGETED_DEVICE_FAMILY = "1,2";
			};
			name = Debug;
		};
		8865CCEA1FEC0C40009633D1 /* Release */ = {
			isa = XCBuildConfiguration;
			buildSettings = {
				ASSETCATALOG_COMPILER_APPICON_NAME = AppIcon;
				CODE_SIGN_STYLE = Automatic;
				DEVELOPMENT_TEAM = 7E835U7QXG;
				INFOPLIST_FILE = BloodPressure/Info.plist;
				LD_RUNPATH_SEARCH_PATHS = "$(inherited) @executable_path/Frameworks";
				PRODUCT_BUNDLE_IDENTIFIER = com.htdevelopers.BloodPressure;
				PRODUCT_NAME = "$(TARGET_NAME)";
				SWIFT_VERSION = 4.0;
				TARGETED_DEVICE_FAMILY = "1,2";
			};
			name = Release;
		};
		8865CCEC1FEC0C40009633D1 /* Debug */ = {
			isa = XCBuildConfiguration;
			buildSettings = {
				ALWAYS_EMBED_SWIFT_STANDARD_LIBRARIES = YES;
				BUNDLE_LOADER = "$(TEST_HOST)";
				CODE_SIGN_STYLE = Automatic;
				DEVELOPMENT_TEAM = 7E835U7QXG;
				INFOPLIST_FILE = BloodPressureTests/Info.plist;
				LD_RUNPATH_SEARCH_PATHS = "$(inherited) @executable_path/Frameworks @loader_path/Frameworks";
				PRODUCT_BUNDLE_IDENTIFIER = com.htdevelopers.BloodPressureTests;
				PRODUCT_NAME = "$(TARGET_NAME)";
				SWIFT_VERSION = 4.0;
				TARGETED_DEVICE_FAMILY = "1,2";
				TEST_HOST = "$(BUILT_PRODUCTS_DIR)/BloodPressure.app/BloodPressure";
			};
			name = Debug;
		};
		8865CCED1FEC0C40009633D1 /* Release */ = {
			isa = XCBuildConfiguration;
			buildSettings = {
				ALWAYS_EMBED_SWIFT_STANDARD_LIBRARIES = YES;
				BUNDLE_LOADER = "$(TEST_HOST)";
				CODE_SIGN_STYLE = Automatic;
				DEVELOPMENT_TEAM = 7E835U7QXG;
				INFOPLIST_FILE = BloodPressureTests/Info.plist;
				LD_RUNPATH_SEARCH_PATHS = "$(inherited) @executable_path/Frameworks @loader_path/Frameworks";
				PRODUCT_BUNDLE_IDENTIFIER = com.htdevelopers.BloodPressureTests;
				PRODUCT_NAME = "$(TARGET_NAME)";
				SWIFT_VERSION = 4.0;
				TARGETED_DEVICE_FAMILY = "1,2";
				TEST_HOST = "$(BUILT_PRODUCTS_DIR)/BloodPressure.app/BloodPressure";
			};
			name = Release;
		};
/* End XCBuildConfiguration section */

/* Begin XCConfigurationList section */
		8865CCC61FEC0C40009633D1 /* Build configuration list for PBXProject "BloodPressure" */ = {
			isa = XCConfigurationList;
			buildConfigurations = (
				8865CCE61FEC0C40009633D1 /* Debug */,
				8865CCE71FEC0C40009633D1 /* Release */,
			);
			defaultConfigurationIsVisible = 0;
			defaultConfigurationName = Release;
		};
		8865CCE81FEC0C40009633D1 /* Build configuration list for PBXNativeTarget "BloodPressure" */ = {
			isa = XCConfigurationList;
			buildConfigurations = (
				8865CCE91FEC0C40009633D1 /* Debug */,
				8865CCEA1FEC0C40009633D1 /* Release */,
			);
			defaultConfigurationIsVisible = 0;
			defaultConfigurationName = Release;
		};
		8865CCEB1FEC0C40009633D1 /* Build configuration list for PBXNativeTarget "BloodPressureTests" */ = {
			isa = XCConfigurationList;
			buildConfigurations = (
				8865CCEC1FEC0C40009633D1 /* Debug */,
				8865CCED1FEC0C40009633D1 /* Release */,
			);
			defaultConfigurationIsVisible = 0;
			defaultConfigurationName = Release;
		};
/* End XCConfigurationList section */
	};
	rootObject = 8865CCC31FEC0C40009633D1 /* Project object */;
}
