// !$*UTF8*$!
{
	archiveVersion = 1;
	classes = {
	};
	objectVersion = 48;
	objects = {

/* Begin PBXBuildFile section */
		0469F21E396F53D1CC736E52 /* Pods_BloodPressure.framework in Frameworks */ = {isa = PBXBuildFile; fileRef = 01FE9EB24A9DF053011A04F0 /* Pods_BloodPressure.framework */; };
		880065101FFB93CA0074E6EC /* AssessmentTaskCoordinator.swift in Sources */ = {isa = PBXBuildFile; fileRef = 8800650F1FFB93CA0074E6EC /* AssessmentTaskCoordinator.swift */; };
		880065121FFB96C70074E6EC /* AssessmentTaskViewModel.swift in Sources */ = {isa = PBXBuildFile; fileRef = 880065111FFB96C70074E6EC /* AssessmentTaskViewModel.swift */; };
		880065151FFBA8810074E6EC /* AssessmentTaskViewController.swift in Sources */ = {isa = PBXBuildFile; fileRef = 880065141FFBA8810074E6EC /* AssessmentTaskViewController.swift */; };
		880065191FFBCB460074E6EC /* HealthKit.framework in Frameworks */ = {isa = PBXBuildFile; fileRef = 880065181FFBCB460074E6EC /* HealthKit.framework */; };
		8800651B1FFD24AD0074E6EC /* BluetoothManager.swift in Sources */ = {isa = PBXBuildFile; fileRef = 8800651A1FFD24AD0074E6EC /* BluetoothManager.swift */; };
		8802E6B420038B7C004F885E /* HeartRateTests.swift in Sources */ = {isa = PBXBuildFile; fileRef = 8802E6B320038B7C004F885E /* HeartRateTests.swift */; };
		8802E6B620038BD6004F885E /* HeartRateMeasurement.swift in Sources */ = {isa = PBXBuildFile; fileRef = 8802E6B520038BD6004F885E /* HeartRateMeasurement.swift */; };
		881266021FED39070080C931 /* RootViewController.swift in Sources */ = {isa = PBXBuildFile; fileRef = 881266001FED39070080C931 /* RootViewController.swift */; };
		881266031FED39070080C931 /* RootViewController.xib in Resources */ = {isa = PBXBuildFile; fileRef = 881266011FED39070080C931 /* RootViewController.xib */; };
		881266061FED44DE0080C931 /* MainTabBarController.swift in Sources */ = {isa = PBXBuildFile; fileRef = 881266041FED44DE0080C931 /* MainTabBarController.swift */; };
		881266071FED44DE0080C931 /* MainTabBarController.xib in Resources */ = {isa = PBXBuildFile; fileRef = 881266051FED44DE0080C931 /* MainTabBarController.xib */; };
		8845D2151FF82A4300F44192 /* SymptomTrackerViewController.swift in Sources */ = {isa = PBXBuildFile; fileRef = 8845D2141FF82A4300F44192 /* SymptomTrackerViewController.swift */; };
		8845D2171FF83CB200F44192 /* SymptomTrackerViewModel.swift in Sources */ = {isa = PBXBuildFile; fileRef = 8845D2161FF83CB200F44192 /* SymptomTrackerViewModel.swift */; };
		8845D21B1FF90EFF00F44192 /* DependencyContainer.swift in Sources */ = {isa = PBXBuildFile; fileRef = 8845D21A1FF90EFF00F44192 /* DependencyContainer.swift */; };
		8845D21D1FFAAAFE00F44192 /* Activity.swift in Sources */ = {isa = PBXBuildFile; fileRef = 8845D21C1FFAAAFE00F44192 /* Activity.swift */; };
		8845D2201FFAB74B00F44192 /* SampleData.swift in Sources */ = {isa = PBXBuildFile; fileRef = 8845D21F1FFAB74B00F44192 /* SampleData.swift */; };
		8865CCCF1FEC0C40009633D1 /* AppDelegate.swift in Sources */ = {isa = PBXBuildFile; fileRef = 8865CCCE1FEC0C40009633D1 /* AppDelegate.swift */; };
		8865CCD91FEC0C40009633D1 /* LaunchScreen.storyboard in Resources */ = {isa = PBXBuildFile; fileRef = 8865CCD71FEC0C40009633D1 /* LaunchScreen.storyboard */; };
		8865CCE41FEC0C40009633D1 /* BloodPressureTests.swift in Sources */ = {isa = PBXBuildFile; fileRef = 8865CCE31FEC0C40009633D1 /* BloodPressureTests.swift */; };
		8889BDAD2007831A00C2A2E5 /* BTSelectionCoordinator.swift in Sources */ = {isa = PBXBuildFile; fileRef = 8889BDAC2007831A00C2A2E5 /* BTSelectionCoordinator.swift */; };
		8889BDB12007840F00C2A2E5 /* BTSelectionViewModel.swift in Sources */ = {isa = PBXBuildFile; fileRef = 8889BDB02007840F00C2A2E5 /* BTSelectionViewModel.swift */; };
		8889BDB4200784E100C2A2E5 /* BTSelectionViewController.swift in Sources */ = {isa = PBXBuildFile; fileRef = 8889BDB2200784E100C2A2E5 /* BTSelectionViewController.swift */; };
		8889BDB5200784E100C2A2E5 /* BTSelectionViewController.xib in Resources */ = {isa = PBXBuildFile; fileRef = 8889BDB3200784E100C2A2E5 /* BTSelectionViewController.xib */; };
		8889BDB82007C66000C2A2E5 /* PeripheralTableViewCell.swift in Sources */ = {isa = PBXBuildFile; fileRef = 8889BDB62007C66000C2A2E5 /* PeripheralTableViewCell.swift */; };
		8889BDB92007C66000C2A2E5 /* PeripheralTableViewCell.xib in Resources */ = {isa = PBXBuildFile; fileRef = 8889BDB72007C66000C2A2E5 /* PeripheralTableViewCell.xib */; };
		8889BDBC2008C7C800C2A2E5 /* HRMeasurementViewController.swift in Sources */ = {isa = PBXBuildFile; fileRef = 8889BDBA2008C7C800C2A2E5 /* HRMeasurementViewController.swift */; };
		8889BDBD2008C7C800C2A2E5 /* HRMeasurementViewController.xib in Resources */ = {isa = PBXBuildFile; fileRef = 8889BDBB2008C7C800C2A2E5 /* HRMeasurementViewController.xib */; };
		88A68DD11FF3AB3200C30FB5 /* CarePlanStoreManager.swift in Sources */ = {isa = PBXBuildFile; fileRef = 88A68DD01FF3AB3200C30FB5 /* CarePlanStoreManager.swift */; };
		88A68DD61FF3B64C00C30FB5 /* AutoLayout.swift in Sources */ = {isa = PBXBuildFile; fileRef = 88A68DD51FF3B64C00C30FB5 /* AutoLayout.swift */; };
		88A68DD81FF3BCAB00C30FB5 /* App.swift in Sources */ = {isa = PBXBuildFile; fileRef = 88A68DD71FF3BCAB00C30FB5 /* App.swift */; };
		88A68DDC1FF3CF9B00C30FB5 /* Screens.swift in Sources */ = {isa = PBXBuildFile; fileRef = 88A68DDB1FF3CF9B00C30FB5 /* Screens.swift */; };
		88A68DE01FF3E2CB00C30FB5 /* RestingHeartRate.swift in Sources */ = {isa = PBXBuildFile; fileRef = 88A68DDF1FF3E2CB00C30FB5 /* RestingHeartRate.swift */; };
		88A68DE21FF3F16600C30FB5 /* BloodPressure.swift in Sources */ = {isa = PBXBuildFile; fileRef = 88A68DE11FF3F16600C30FB5 /* BloodPressure.swift */; };
		88A68DE41FF4065300C30FB5 /* SymptomTrackerCoordinator.swift in Sources */ = {isa = PBXBuildFile; fileRef = 88A68DE31FF4065300C30FB5 /* SymptomTrackerCoordinator.swift */; };
		D98749830CD8D42146EA2810 /* Pods_BloodPressureTests.framework in Frameworks */ = {isa = PBXBuildFile; fileRef = 13E663559BB5115739C08083 /* Pods_BloodPressureTests.framework */; };
/* End PBXBuildFile section */

/* Begin PBXContainerItemProxy section */
		8865CCE01FEC0C40009633D1 /* PBXContainerItemProxy */ = {
			isa = PBXContainerItemProxy;
			containerPortal = 8865CCC31FEC0C40009633D1 /* Project object */;
			proxyType = 1;
			remoteGlobalIDString = 8865CCCA1FEC0C40009633D1;
			remoteInfo = BloodPressure;
		};
/* End PBXContainerItemProxy section */

/* Begin PBXFileReference section */
		01FE9EB24A9DF053011A04F0 /* Pods_BloodPressure.framework */ = {isa = PBXFileReference; explicitFileType = wrapper.framework; includeInIndex = 0; path = Pods_BloodPressure.framework; sourceTree = BUILT_PRODUCTS_DIR; };
		13E663559BB5115739C08083 /* Pods_BloodPressureTests.framework */ = {isa = PBXFileReference; explicitFileType = wrapper.framework; includeInIndex = 0; path = Pods_BloodPressureTests.framework; sourceTree = BUILT_PRODUCTS_DIR; };
		306F39FCA5D07315479CA0B4 /* Pods-BloodPressureTests.debug.xcconfig */ = {isa = PBXFileReference; includeInIndex = 1; lastKnownFileType = text.xcconfig; name = "Pods-BloodPressureTests.debug.xcconfig"; path = "Pods/Target Support Files/Pods-BloodPressureTests/Pods-BloodPressureTests.debug.xcconfig"; sourceTree = "<group>"; };
		49D6C28BDD4D269D5AB386CA /* Pods-BloodPressureTests.release.xcconfig */ = {isa = PBXFileReference; includeInIndex = 1; lastKnownFileType = text.xcconfig; name = "Pods-BloodPressureTests.release.xcconfig"; path = "Pods/Target Support Files/Pods-BloodPressureTests/Pods-BloodPressureTests.release.xcconfig"; sourceTree = "<group>"; };
		6C1B4E645D100CE81F45F399 /* Pods-BloodPressure.release.xcconfig */ = {isa = PBXFileReference; includeInIndex = 1; lastKnownFileType = text.xcconfig; name = "Pods-BloodPressure.release.xcconfig"; path = "Pods/Target Support Files/Pods-BloodPressure/Pods-BloodPressure.release.xcconfig"; sourceTree = "<group>"; };
		8800650F1FFB93CA0074E6EC /* AssessmentTaskCoordinator.swift */ = {isa = PBXFileReference; lastKnownFileType = sourcecode.swift; path = AssessmentTaskCoordinator.swift; sourceTree = "<group>"; };
		880065111FFB96C70074E6EC /* AssessmentTaskViewModel.swift */ = {isa = PBXFileReference; lastKnownFileType = sourcecode.swift; path = AssessmentTaskViewModel.swift; sourceTree = "<group>"; };
		880065141FFBA8810074E6EC /* AssessmentTaskViewController.swift */ = {isa = PBXFileReference; lastKnownFileType = sourcecode.swift; path = AssessmentTaskViewController.swift; sourceTree = "<group>"; };
		880065171FFBCB460074E6EC /* BloodPressure.entitlements */ = {isa = PBXFileReference; lastKnownFileType = text.plist.entitlements; path = BloodPressure.entitlements; sourceTree = "<group>"; };
		880065181FFBCB460074E6EC /* HealthKit.framework */ = {isa = PBXFileReference; lastKnownFileType = wrapper.framework; name = HealthKit.framework; path = System/Library/Frameworks/HealthKit.framework; sourceTree = SDKROOT; };
		8800651A1FFD24AD0074E6EC /* BluetoothManager.swift */ = {isa = PBXFileReference; lastKnownFileType = sourcecode.swift; path = BluetoothManager.swift; sourceTree = "<group>"; };
		8802E6B320038B7C004F885E /* HeartRateTests.swift */ = {isa = PBXFileReference; lastKnownFileType = sourcecode.swift; path = HeartRateTests.swift; sourceTree = "<group>"; };
		8802E6B520038BD6004F885E /* HeartRateMeasurement.swift */ = {isa = PBXFileReference; lastKnownFileType = sourcecode.swift; path = HeartRateMeasurement.swift; sourceTree = "<group>"; };
		881266001FED39070080C931 /* RootViewController.swift */ = {isa = PBXFileReference; lastKnownFileType = sourcecode.swift; path = RootViewController.swift; sourceTree = "<group>"; };
		881266011FED39070080C931 /* RootViewController.xib */ = {isa = PBXFileReference; lastKnownFileType = file.xib; path = RootViewController.xib; sourceTree = "<group>"; };
		881266041FED44DE0080C931 /* MainTabBarController.swift */ = {isa = PBXFileReference; lastKnownFileType = sourcecode.swift; path = MainTabBarController.swift; sourceTree = "<group>"; };
		881266051FED44DE0080C931 /* MainTabBarController.xib */ = {isa = PBXFileReference; lastKnownFileType = file.xib; path = MainTabBarController.xib; sourceTree = "<group>"; };
		8845D2141FF82A4300F44192 /* SymptomTrackerViewController.swift */ = {isa = PBXFileReference; lastKnownFileType = sourcecode.swift; path = SymptomTrackerViewController.swift; sourceTree = "<group>"; };
		8845D2161FF83CB200F44192 /* SymptomTrackerViewModel.swift */ = {isa = PBXFileReference; lastKnownFileType = sourcecode.swift; path = SymptomTrackerViewModel.swift; sourceTree = "<group>"; };
		8845D21A1FF90EFF00F44192 /* DependencyContainer.swift */ = {isa = PBXFileReference; lastKnownFileType = sourcecode.swift; path = DependencyContainer.swift; sourceTree = "<group>"; };
		8845D21C1FFAAAFE00F44192 /* Activity.swift */ = {isa = PBXFileReference; lastKnownFileType = sourcecode.swift; path = Activity.swift; sourceTree = "<group>"; };
		8845D21F1FFAB74B00F44192 /* SampleData.swift */ = {isa = PBXFileReference; lastKnownFileType = sourcecode.swift; path = SampleData.swift; sourceTree = "<group>"; };
		8865CCCB1FEC0C40009633D1 /* BloodPressure.app */ = {isa = PBXFileReference; explicitFileType = wrapper.application; includeInIndex = 0; path = BloodPressure.app; sourceTree = BUILT_PRODUCTS_DIR; };
		8865CCCE1FEC0C40009633D1 /* AppDelegate.swift */ = {isa = PBXFileReference; lastKnownFileType = sourcecode.swift; path = AppDelegate.swift; sourceTree = "<group>"; };
		8865CCD81FEC0C40009633D1 /* Base */ = {isa = PBXFileReference; lastKnownFileType = file.storyboard; name = Base; path = Base.lproj/LaunchScreen.storyboard; sourceTree = "<group>"; };
		8865CCDA1FEC0C40009633D1 /* Info.plist */ = {isa = PBXFileReference; lastKnownFileType = text.plist.xml; path = Info.plist; sourceTree = "<group>"; };
		8865CCDF1FEC0C40009633D1 /* BloodPressureTests.xctest */ = {isa = PBXFileReference; explicitFileType = wrapper.cfbundle; includeInIndex = 0; path = BloodPressureTests.xctest; sourceTree = BUILT_PRODUCTS_DIR; };
		8865CCE31FEC0C40009633D1 /* BloodPressureTests.swift */ = {isa = PBXFileReference; lastKnownFileType = sourcecode.swift; path = BloodPressureTests.swift; sourceTree = "<group>"; };
		8865CCE51FEC0C40009633D1 /* Info.plist */ = {isa = PBXFileReference; lastKnownFileType = text.plist.xml; path = Info.plist; sourceTree = "<group>"; };
		8889BDAC2007831A00C2A2E5 /* BTSelectionCoordinator.swift */ = {isa = PBXFileReference; lastKnownFileType = sourcecode.swift; path = BTSelectionCoordinator.swift; sourceTree = "<group>"; };
		8889BDB02007840F00C2A2E5 /* BTSelectionViewModel.swift */ = {isa = PBXFileReference; lastKnownFileType = sourcecode.swift; path = BTSelectionViewModel.swift; sourceTree = "<group>"; };
		8889BDB2200784E100C2A2E5 /* BTSelectionViewController.swift */ = {isa = PBXFileReference; lastKnownFileType = sourcecode.swift; path = BTSelectionViewController.swift; sourceTree = "<group>"; };
		8889BDB3200784E100C2A2E5 /* BTSelectionViewController.xib */ = {isa = PBXFileReference; lastKnownFileType = file.xib; path = BTSelectionViewController.xib; sourceTree = "<group>"; };
		8889BDB62007C66000C2A2E5 /* PeripheralTableViewCell.swift */ = {isa = PBXFileReference; lastKnownFileType = sourcecode.swift; path = PeripheralTableViewCell.swift; sourceTree = "<group>"; };
		8889BDB72007C66000C2A2E5 /* PeripheralTableViewCell.xib */ = {isa = PBXFileReference; lastKnownFileType = file.xib; path = PeripheralTableViewCell.xib; sourceTree = "<group>"; };
		8889BDBA2008C7C800C2A2E5 /* HRMeasurementViewController.swift */ = {isa = PBXFileReference; lastKnownFileType = sourcecode.swift; path = HRMeasurementViewController.swift; sourceTree = "<group>"; };
		8889BDBB2008C7C800C2A2E5 /* HRMeasurementViewController.xib */ = {isa = PBXFileReference; lastKnownFileType = file.xib; path = HRMeasurementViewController.xib; sourceTree = "<group>"; };
		88A68DD01FF3AB3200C30FB5 /* CarePlanStoreManager.swift */ = {isa = PBXFileReference; lastKnownFileType = sourcecode.swift; path = CarePlanStoreManager.swift; sourceTree = "<group>"; };
		88A68DD51FF3B64C00C30FB5 /* AutoLayout.swift */ = {isa = PBXFileReference; lastKnownFileType = sourcecode.swift; path = AutoLayout.swift; sourceTree = "<group>"; };
		88A68DD71FF3BCAB00C30FB5 /* App.swift */ = {isa = PBXFileReference; lastKnownFileType = sourcecode.swift; path = App.swift; sourceTree = "<group>"; };
		88A68DDB1FF3CF9B00C30FB5 /* Screens.swift */ = {isa = PBXFileReference; lastKnownFileType = sourcecode.swift; path = Screens.swift; sourceTree = "<group>"; };
		88A68DDF1FF3E2CB00C30FB5 /* RestingHeartRate.swift */ = {isa = PBXFileReference; lastKnownFileType = sourcecode.swift; path = RestingHeartRate.swift; sourceTree = "<group>"; };
		88A68DE11FF3F16600C30FB5 /* BloodPressure.swift */ = {isa = PBXFileReference; lastKnownFileType = sourcecode.swift; path = BloodPressure.swift; sourceTree = "<group>"; };
		88A68DE31FF4065300C30FB5 /* SymptomTrackerCoordinator.swift */ = {isa = PBXFileReference; lastKnownFileType = sourcecode.swift; path = SymptomTrackerCoordinator.swift; sourceTree = "<group>"; };
		8B4D17917C094C73D15910D0 /* Pods-BloodPressure.debug.xcconfig */ = {isa = PBXFileReference; includeInIndex = 1; lastKnownFileType = text.xcconfig; name = "Pods-BloodPressure.debug.xcconfig"; path = "Pods/Target Support Files/Pods-BloodPressure/Pods-BloodPressure.debug.xcconfig"; sourceTree = "<group>"; };
/* End PBXFileReference section */

/* Begin PBXFrameworksBuildPhase section */
		8865CCC81FEC0C40009633D1 /* Frameworks */ = {
			isa = PBXFrameworksBuildPhase;
			buildActionMask = 2147483647;
			files = (
				0469F21E396F53D1CC736E52 /* Pods_BloodPressure.framework in Frameworks */,
				880065191FFBCB460074E6EC /* HealthKit.framework in Frameworks */,
			);
			runOnlyForDeploymentPostprocessing = 0;
		};
		8865CCDC1FEC0C40009633D1 /* Frameworks */ = {
			isa = PBXFrameworksBuildPhase;
			buildActionMask = 2147483647;
			files = (
				D98749830CD8D42146EA2810 /* Pods_BloodPressureTests.framework in Frameworks */,
			);
			runOnlyForDeploymentPostprocessing = 0;
		};
/* End PBXFrameworksBuildPhase section */

/* Begin PBXGroup section */
		8800650E1FFB89F80074E6EC /* Model */ = {
			isa = PBXGroup;
			children = (
				88A68DD01FF3AB3200C30FB5 /* CarePlanStoreManager.swift */,
				8845D21F1FFAB74B00F44192 /* SampleData.swift */,
				8845D21E1FFAABFA00F44192 /* Activites */,
			);
			path = Model;
			sourceTree = "<group>";
		};
		880065131FFB96CC0074E6EC /* Assessment Task */ = {
			isa = PBXGroup;
			children = (
				8800650F1FFB93CA0074E6EC /* AssessmentTaskCoordinator.swift */,
				880065111FFB96C70074E6EC /* AssessmentTaskViewModel.swift */,
				880065141FFBA8810074E6EC /* AssessmentTaskViewController.swift */,
			);
			path = "Assessment Task";
			sourceTree = "<group>";
		};
		8800651C1FFD24B40074E6EC /* Bluetooth */ = {
			isa = PBXGroup;
			children = (
				8800651A1FFD24AD0074E6EC /* BluetoothManager.swift */,
				8802E6B520038BD6004F885E /* HeartRateMeasurement.swift */,
			);
			path = Bluetooth;
			sourceTree = "<group>";
		};
		8845D2191FF83F1D00F44192 /* Symptom Tracker */ = {
			isa = PBXGroup;
			children = (
				88A68DE31FF4065300C30FB5 /* SymptomTrackerCoordinator.swift */,
				8845D2161FF83CB200F44192 /* SymptomTrackerViewModel.swift */,
				8845D2141FF82A4300F44192 /* SymptomTrackerViewController.swift */,
			);
			path = "Symptom Tracker";
			sourceTree = "<group>";
		};
		8845D21E1FFAABFA00F44192 /* Activites */ = {
			isa = PBXGroup;
			children = (
				8845D21C1FFAAAFE00F44192 /* Activity.swift */,
				88A68DE11FF3F16600C30FB5 /* BloodPressure.swift */,
				88A68DDF1FF3E2CB00C30FB5 /* RestingHeartRate.swift */,
			);
			path = Activites;
			sourceTree = "<group>";
		};
		8845D2211FFB857000F44192 /* Modules */ = {
			isa = PBXGroup;
			children = (
				8889BDAB2007778A00C2A2E5 /* BT Selection */,
				8845D2191FF83F1D00F44192 /* Symptom Tracker */,
				880065131FFB96CC0074E6EC /* Assessment Task */,
				8889BDBA2008C7C800C2A2E5 /* HRMeasurementViewController.swift */,
				8889BDBB2008C7C800C2A2E5 /* HRMeasurementViewController.xib */,
			);
			path = Modules;
			sourceTree = "<group>";
		};
		8865CCC21FEC0C40009633D1 = {
			isa = PBXGroup;
			children = (
				8865CCCD1FEC0C40009633D1 /* BloodPressure */,
				8865CCE21FEC0C40009633D1 /* BloodPressureTests */,
				8865CCCC1FEC0C40009633D1 /* Products */,
				A6145E5AB3FE08D6B5D7BEC2 /* Pods */,
				FB5D9D51213A601B1D1C7D8A /* Frameworks */,
			);
			sourceTree = "<group>";
		};
		8865CCCC1FEC0C40009633D1 /* Products */ = {
			isa = PBXGroup;
			children = (
				8865CCCB1FEC0C40009633D1 /* BloodPressure.app */,
				8865CCDF1FEC0C40009633D1 /* BloodPressureTests.xctest */,
			);
			name = Products;
			sourceTree = "<group>";
		};
		8865CCCD1FEC0C40009633D1 /* BloodPressure */ = {
			isa = PBXGroup;
			children = (
				880065171FFBCB460074E6EC /* BloodPressure.entitlements */,
				88A68DD21FF3B5B000C30FB5 /* Library */,
				88A68DD71FF3BCAB00C30FB5 /* App.swift */,
				8845D21A1FF90EFF00F44192 /* DependencyContainer.swift */,
				88A68DDB1FF3CF9B00C30FB5 /* Screens.swift */,
				8865CCCE1FEC0C40009633D1 /* AppDelegate.swift */,
				881266001FED39070080C931 /* RootViewController.swift */,
				881266011FED39070080C931 /* RootViewController.xib */,
				881266041FED44DE0080C931 /* MainTabBarController.swift */,
				881266051FED44DE0080C931 /* MainTabBarController.xib */,
				8865CCD71FEC0C40009633D1 /* LaunchScreen.storyboard */,
				8865CCDA1FEC0C40009633D1 /* Info.plist */,
				8845D2211FFB857000F44192 /* Modules */,
				8800650E1FFB89F80074E6EC /* Model */,
				8800651C1FFD24B40074E6EC /* Bluetooth */,
			);
			path = BloodPressure;
			sourceTree = "<group>";
		};
		8865CCE21FEC0C40009633D1 /* BloodPressureTests */ = {
			isa = PBXGroup;
			children = (
				8865CCE31FEC0C40009633D1 /* BloodPressureTests.swift */,
				8802E6B320038B7C004F885E /* HeartRateTests.swift */,
				8865CCE51FEC0C40009633D1 /* Info.plist */,
			);
			path = BloodPressureTests;
			sourceTree = "<group>";
		};
		8889BDAB2007778A00C2A2E5 /* BT Selection */ = {
			isa = PBXGroup;
			children = (
				8889BDB62007C66000C2A2E5 /* PeripheralTableViewCell.swift */,
				8889BDB72007C66000C2A2E5 /* PeripheralTableViewCell.xib */,
				8889BDAC2007831A00C2A2E5 /* BTSelectionCoordinator.swift */,
				8889BDB02007840F00C2A2E5 /* BTSelectionViewModel.swift */,
				8889BDB2200784E100C2A2E5 /* BTSelectionViewController.swift */,
				8889BDB3200784E100C2A2E5 /* BTSelectionViewController.xib */,
			);
			path = "BT Selection";
			sourceTree = "<group>";
		};
		88A68DD21FF3B5B000C30FB5 /* Library */ = {
			isa = PBXGroup;
			children = (
				88A68DD31FF3B62900C30FB5 /* UI */,
			);
			path = Library;
			sourceTree = "<group>";
		};
		88A68DD31FF3B62900C30FB5 /* UI */ = {
			isa = PBXGroup;
			children = (
				88A68DD41FF3B63200C30FB5 /* Auto Layout */,
			);
			path = UI;
			sourceTree = "<group>";
		};
		88A68DD41FF3B63200C30FB5 /* Auto Layout */ = {
			isa = PBXGroup;
			children = (
				88A68DD51FF3B64C00C30FB5 /* AutoLayout.swift */,
			);
			path = "Auto Layout";
			sourceTree = "<group>";
		};
		A6145E5AB3FE08D6B5D7BEC2 /* Pods */ = {
			isa = PBXGroup;
			children = (
				8B4D17917C094C73D15910D0 /* Pods-BloodPressure.debug.xcconfig */,
				6C1B4E645D100CE81F45F399 /* Pods-BloodPressure.release.xcconfig */,
				306F39FCA5D07315479CA0B4 /* Pods-BloodPressureTests.debug.xcconfig */,
				49D6C28BDD4D269D5AB386CA /* Pods-BloodPressureTests.release.xcconfig */,
			);
			name = Pods;
			sourceTree = "<group>";
		};
		FB5D9D51213A601B1D1C7D8A /* Frameworks */ = {
			isa = PBXGroup;
			children = (
				880065181FFBCB460074E6EC /* HealthKit.framework */,
				01FE9EB24A9DF053011A04F0 /* Pods_BloodPressure.framework */,
				13E663559BB5115739C08083 /* Pods_BloodPressureTests.framework */,
			);
			name = Frameworks;
			sourceTree = "<group>";
		};
/* End PBXGroup section */

/* Begin PBXNativeTarget section */
		8865CCCA1FEC0C40009633D1 /* BloodPressure */ = {
			isa = PBXNativeTarget;
			buildConfigurationList = 8865CCE81FEC0C40009633D1 /* Build configuration list for PBXNativeTarget "BloodPressure" */;
			buildPhases = (
				416BF351912BE85C244ADA06 /* [CP] Check Pods Manifest.lock */,
				8865CCC71FEC0C40009633D1 /* Sources */,
				8865CCC81FEC0C40009633D1 /* Frameworks */,
				8865CCC91FEC0C40009633D1 /* Resources */,
				4C9229B4DDF973B7EFFB4DE2 /* [CP] Embed Pods Frameworks */,
				688A2BD382B421A30ACAF0F8 /* [CP] Copy Pods Resources */,
				88A68DDA1FF3BF6000C30FB5 /* ShellScript */,
			);
			buildRules = (
			);
			dependencies = (
			);
			name = BloodPressure;
			productName = BloodPressure;
			productReference = 8865CCCB1FEC0C40009633D1 /* BloodPressure.app */;
			productType = "com.apple.product-type.application";
		};
		8865CCDE1FEC0C40009633D1 /* BloodPressureTests */ = {
			isa = PBXNativeTarget;
			buildConfigurationList = 8865CCEB1FEC0C40009633D1 /* Build configuration list for PBXNativeTarget "BloodPressureTests" */;
			buildPhases = (
				08A3A94C8298B92915BE95FD /* [CP] Check Pods Manifest.lock */,
				8865CCDB1FEC0C40009633D1 /* Sources */,
				8865CCDC1FEC0C40009633D1 /* Frameworks */,
				8865CCDD1FEC0C40009633D1 /* Resources */,
				AE42A730B899FBD90F75D298 /* [CP] Embed Pods Frameworks */,
				1521D05A7BC4CEB3B529FB5B /* [CP] Copy Pods Resources */,
			);
			buildRules = (
			);
			dependencies = (
				8865CCE11FEC0C40009633D1 /* PBXTargetDependency */,
			);
			name = BloodPressureTests;
			productName = BloodPressureTests;
			productReference = 8865CCDF1FEC0C40009633D1 /* BloodPressureTests.xctest */;
			productType = "com.apple.product-type.bundle.unit-test";
		};
/* End PBXNativeTarget section */

/* Begin PBXProject section */
		8865CCC31FEC0C40009633D1 /* Project object */ = {
			isa = PBXProject;
			attributes = {
				LastSwiftUpdateCheck = 0920;
				LastUpgradeCheck = 0920;
				ORGANIZATIONNAME = "Aleksander Maj";
				TargetAttributes = {
					8865CCCA1FEC0C40009633D1 = {
						CreatedOnToolsVersion = 9.2;
						ProvisioningStyle = Automatic;
						SystemCapabilities = {
							com.apple.HealthKit = {
								enabled = 1;
							};
						};
					};
					8865CCDE1FEC0C40009633D1 = {
						CreatedOnToolsVersion = 9.2;
						ProvisioningStyle = Automatic;
						TestTargetID = 8865CCCA1FEC0C40009633D1;
					};
				};
			};
			buildConfigurationList = 8865CCC61FEC0C40009633D1 /* Build configuration list for PBXProject "BloodPressure" */;
			compatibilityVersion = "Xcode 8.0";
			developmentRegion = en;
			hasScannedForEncodings = 0;
			knownRegions = (
				en,
				Base,
			);
			mainGroup = 8865CCC21FEC0C40009633D1;
			productRefGroup = 8865CCCC1FEC0C40009633D1 /* Products */;
			projectDirPath = "";
			projectRoot = "";
			targets = (
				8865CCCA1FEC0C40009633D1 /* BloodPressure */,
				8865CCDE1FEC0C40009633D1 /* BloodPressureTests */,
			);
		};
/* End PBXProject section */

/* Begin PBXResourcesBuildPhase section */
		8865CCC91FEC0C40009633D1 /* Resources */ = {
			isa = PBXResourcesBuildPhase;
			buildActionMask = 2147483647;
			files = (
				881266071FED44DE0080C931 /* MainTabBarController.xib in Resources */,
				8889BDB92007C66000C2A2E5 /* PeripheralTableViewCell.xib in Resources */,
				8889BDB5200784E100C2A2E5 /* BTSelectionViewController.xib in Resources */,
				8889BDBD2008C7C800C2A2E5 /* HRMeasurementViewController.xib in Resources */,
				8865CCD91FEC0C40009633D1 /* LaunchScreen.storyboard in Resources */,
				881266031FED39070080C931 /* RootViewController.xib in Resources */,
			);
			runOnlyForDeploymentPostprocessing = 0;
		};
		8865CCDD1FEC0C40009633D1 /* Resources */ = {
			isa = PBXResourcesBuildPhase;
			buildActionMask = 2147483647;
			files = (
			);
			runOnlyForDeploymentPostprocessing = 0;
		};
/* End PBXResourcesBuildPhase section */

/* Begin PBXShellScriptBuildPhase section */
		08A3A94C8298B92915BE95FD /* [CP] Check Pods Manifest.lock */ = {
			isa = PBXShellScriptBuildPhase;
			buildActionMask = 2147483647;
			files = (
			);
			inputPaths = (
				"${PODS_PODFILE_DIR_PATH}/Podfile.lock",
				"${PODS_ROOT}/Manifest.lock",
			);
			name = "[CP] Check Pods Manifest.lock";
			outputPaths = (
				"$(DERIVED_FILE_DIR)/Pods-BloodPressureTests-checkManifestLockResult.txt",
			);
			runOnlyForDeploymentPostprocessing = 0;
			shellPath = /bin/sh;
			shellScript = "diff \"${PODS_PODFILE_DIR_PATH}/Podfile.lock\" \"${PODS_ROOT}/Manifest.lock\" > /dev/null\nif [ $? != 0 ] ; then\n    # print error to STDERR\n    echo \"error: The sandbox is not in sync with the Podfile.lock. Run 'pod install' or update your CocoaPods installation.\" >&2\n    exit 1\nfi\n# This output is used by Xcode 'outputs' to avoid re-running this script phase.\necho \"SUCCESS\" > \"${SCRIPT_OUTPUT_FILE_0}\"\n";
			showEnvVarsInLog = 0;
		};
		1521D05A7BC4CEB3B529FB5B /* [CP] Copy Pods Resources */ = {
			isa = PBXShellScriptBuildPhase;
			buildActionMask = 2147483647;
			files = (
			);
			inputPaths = (
			);
			name = "[CP] Copy Pods Resources";
			outputPaths = (
			);
			runOnlyForDeploymentPostprocessing = 0;
			shellPath = /bin/sh;
			shellScript = "\"${SRCROOT}/Pods/Target Support Files/Pods-BloodPressureTests/Pods-BloodPressureTests-resources.sh\"\n";
			showEnvVarsInLog = 0;
		};
		416BF351912BE85C244ADA06 /* [CP] Check Pods Manifest.lock */ = {
			isa = PBXShellScriptBuildPhase;
			buildActionMask = 2147483647;
			files = (
			);
			inputPaths = (
				"${PODS_PODFILE_DIR_PATH}/Podfile.lock",
				"${PODS_ROOT}/Manifest.lock",
			);
			name = "[CP] Check Pods Manifest.lock";
			outputPaths = (
				"$(DERIVED_FILE_DIR)/Pods-BloodPressure-checkManifestLockResult.txt",
			);
			runOnlyForDeploymentPostprocessing = 0;
			shellPath = /bin/sh;
			shellScript = "diff \"${PODS_PODFILE_DIR_PATH}/Podfile.lock\" \"${PODS_ROOT}/Manifest.lock\" > /dev/null\nif [ $? != 0 ] ; then\n    # print error to STDERR\n    echo \"error: The sandbox is not in sync with the Podfile.lock. Run 'pod install' or update your CocoaPods installation.\" >&2\n    exit 1\nfi\n# This output is used by Xcode 'outputs' to avoid re-running this script phase.\necho \"SUCCESS\" > \"${SCRIPT_OUTPUT_FILE_0}\"\n";
			showEnvVarsInLog = 0;
		};
		4C9229B4DDF973B7EFFB4DE2 /* [CP] Embed Pods Frameworks */ = {
			isa = PBXShellScriptBuildPhase;
			buildActionMask = 2147483647;
			files = (
			);
			inputPaths = (
				"${SRCROOT}/Pods/Target Support Files/Pods-BloodPressure/Pods-BloodPressure-frameworks.sh",
				"${BUILT_PRODUCTS_DIR}/CareKit/CareKit.framework",
				"${BUILT_PRODUCTS_DIR}/ResearchKit/ResearchKit.framework",
				"${BUILT_PRODUCTS_DIR}/RxCocoa/RxCocoa.framework",
				"${BUILT_PRODUCTS_DIR}/RxSwift/RxSwift.framework",
			);
			name = "[CP] Embed Pods Frameworks";
			outputPaths = (
				"${TARGET_BUILD_DIR}/${FRAMEWORKS_FOLDER_PATH}/CareKit.framework",
				"${TARGET_BUILD_DIR}/${FRAMEWORKS_FOLDER_PATH}/ResearchKit.framework",
				"${TARGET_BUILD_DIR}/${FRAMEWORKS_FOLDER_PATH}/RxCocoa.framework",
				"${TARGET_BUILD_DIR}/${FRAMEWORKS_FOLDER_PATH}/RxSwift.framework",
			);
			runOnlyForDeploymentPostprocessing = 0;
			shellPath = /bin/sh;
			shellScript = "\"${SRCROOT}/Pods/Target Support Files/Pods-BloodPressure/Pods-BloodPressure-frameworks.sh\"\n";
			showEnvVarsInLog = 0;
		};
		688A2BD382B421A30ACAF0F8 /* [CP] Copy Pods Resources */ = {
			isa = PBXShellScriptBuildPhase;
			buildActionMask = 2147483647;
			files = (
			);
			inputPaths = (
				"${SRCROOT}/Pods/Target Support Files/Pods-BloodPressure/Pods-BloodPressure-resources.sh",
				"${PODS_ROOT}/CareKit/CareKit/Assets.xcassets",
				"${PODS_ROOT}/CareKit/CareKit/Localization/ar.lproj",
				"${PODS_ROOT}/CareKit/CareKit/Localization/ca.lproj",
				"${PODS_ROOT}/CareKit/CareKit/Localization/cs.lproj",
				"${PODS_ROOT}/CareKit/CareKit/Localization/da.lproj",
				"${PODS_ROOT}/CareKit/CareKit/Localization/de.lproj",
				"${PODS_ROOT}/CareKit/CareKit/Localization/el.lproj",
				"${PODS_ROOT}/CareKit/CareKit/Localization/en.lproj",
				"${PODS_ROOT}/CareKit/CareKit/Localization/en_AU.lproj",
				"${PODS_ROOT}/CareKit/CareKit/Localization/en_GB.lproj",
				"${PODS_ROOT}/CareKit/CareKit/Localization/es.lproj",
				"${PODS_ROOT}/CareKit/CareKit/Localization/es_419.lproj",
				"${PODS_ROOT}/CareKit/CareKit/Localization/es_MX.lproj",
				"${PODS_ROOT}/CareKit/CareKit/Localization/fi.lproj",
				"${PODS_ROOT}/CareKit/CareKit/Localization/fr.lproj",
				"${PODS_ROOT}/CareKit/CareKit/Localization/fr_CA.lproj",
				"${PODS_ROOT}/CareKit/CareKit/Localization/he.lproj",
				"${PODS_ROOT}/CareKit/CareKit/Localization/hi.lproj",
				"${PODS_ROOT}/CareKit/CareKit/Localization/hr.lproj",
				"${PODS_ROOT}/CareKit/CareKit/Localization/hu.lproj",
				"${PODS_ROOT}/CareKit/CareKit/Localization/id.lproj",
				"${PODS_ROOT}/CareKit/CareKit/Localization/it.lproj",
				"${PODS_ROOT}/CareKit/CareKit/Localization/ja.lproj",
				"${PODS_ROOT}/CareKit/CareKit/Localization/ko.lproj",
				"${PODS_ROOT}/CareKit/CareKit/Localization/ms.lproj",
				"${PODS_ROOT}/CareKit/CareKit/Localization/nb.lproj",
				"${PODS_ROOT}/CareKit/CareKit/Localization/nl.lproj",
				"${PODS_ROOT}/CareKit/CareKit/Localization/no.lproj",
				"${PODS_ROOT}/CareKit/CareKit/Localization/pl.lproj",
				"${PODS_ROOT}/CareKit/CareKit/Localization/pt.lproj",
				"${PODS_ROOT}/CareKit/CareKit/Localization/pt_PT.lproj",
				"${PODS_ROOT}/CareKit/CareKit/Localization/ro.lproj",
				"${PODS_ROOT}/CareKit/CareKit/Localization/ru.lproj",
				"${PODS_ROOT}/CareKit/CareKit/Localization/sk.lproj",
				"${PODS_ROOT}/CareKit/CareKit/Localization/sv.lproj",
				"${PODS_ROOT}/CareKit/CareKit/Localization/th.lproj",
				"${PODS_ROOT}/CareKit/CareKit/Localization/tr.lproj",
				"${PODS_ROOT}/CareKit/CareKit/Localization/uk.lproj",
				"${PODS_ROOT}/CareKit/CareKit/Localization/vi.lproj",
				"${PODS_ROOT}/CareKit/CareKit/Localization/zh_CN.lproj",
				"${PODS_ROOT}/CareKit/CareKit/Localization/zh_HK.lproj",
				"${PODS_ROOT}/CareKit/CareKit/Localization/zh_TW.lproj",
				"${PODS_ROOT}/CareKit/CareKit/CarePlan/OCKCarePlanStore.xcdatamodeld",
				"${PODS_ROOT}/ResearchKit/ResearchKit/Artwork.xcassets",
				"${PODS_ROOT}/ResearchKit/ResearchKit/Localized/ar.lproj",
				"${PODS_ROOT}/ResearchKit/ResearchKit/Localized/ca.lproj",
				"${PODS_ROOT}/ResearchKit/ResearchKit/Localized/cs.lproj",
				"${PODS_ROOT}/ResearchKit/ResearchKit/Localized/da.lproj",
				"${PODS_ROOT}/ResearchKit/ResearchKit/Localized/de.lproj",
				"${PODS_ROOT}/ResearchKit/ResearchKit/Localized/el.lproj",
				"${PODS_ROOT}/ResearchKit/ResearchKit/Localized/en.lproj",
				"${PODS_ROOT}/ResearchKit/ResearchKit/Localized/en_AU.lproj",
				"${PODS_ROOT}/ResearchKit/ResearchKit/Localized/en_GB.lproj",
				"${PODS_ROOT}/ResearchKit/ResearchKit/Localized/es.lproj",
				"${PODS_ROOT}/ResearchKit/ResearchKit/Localized/es_419.lproj",
				"${PODS_ROOT}/ResearchKit/ResearchKit/Localized/es_MX.lproj",
				"${PODS_ROOT}/ResearchKit/ResearchKit/Localized/fi.lproj",
				"${PODS_ROOT}/ResearchKit/ResearchKit/Localized/fr.lproj",
				"${PODS_ROOT}/ResearchKit/ResearchKit/Localized/fr_CA.lproj",
				"${PODS_ROOT}/ResearchKit/ResearchKit/Localized/he.lproj",
				"${PODS_ROOT}/ResearchKit/ResearchKit/Localized/hi.lproj",
				"${PODS_ROOT}/ResearchKit/ResearchKit/Localized/hr.lproj",
				"${PODS_ROOT}/ResearchKit/ResearchKit/Localized/hu.lproj",
				"${PODS_ROOT}/ResearchKit/ResearchKit/Localized/id.lproj",
				"${PODS_ROOT}/ResearchKit/ResearchKit/Localized/it.lproj",
				"${PODS_ROOT}/ResearchKit/ResearchKit/Localized/ja.lproj",
				"${PODS_ROOT}/ResearchKit/ResearchKit/Localized/ko.lproj",
				"${PODS_ROOT}/ResearchKit/ResearchKit/Localized/ms.lproj",
				"${PODS_ROOT}/ResearchKit/ResearchKit/Localized/nb.lproj",
				"${PODS_ROOT}/ResearchKit/ResearchKit/Localized/nl.lproj",
				"${PODS_ROOT}/ResearchKit/ResearchKit/Localized/no.lproj",
				"${PODS_ROOT}/ResearchKit/ResearchKit/Localized/pl.lproj",
				"${PODS_ROOT}/ResearchKit/ResearchKit/Localized/pt.lproj",
				"${PODS_ROOT}/ResearchKit/ResearchKit/Localized/pt_PT.lproj",
				"${PODS_ROOT}/ResearchKit/ResearchKit/Localized/ro.lproj",
				"${PODS_ROOT}/ResearchKit/ResearchKit/Localized/ru.lproj",
				"${PODS_ROOT}/ResearchKit/ResearchKit/Localized/sk.lproj",
				"${PODS_ROOT}/ResearchKit/ResearchKit/Localized/sv.lproj",
				"${PODS_ROOT}/ResearchKit/ResearchKit/Localized/th.lproj",
				"${PODS_ROOT}/ResearchKit/ResearchKit/Localized/tr.lproj",
				"${PODS_ROOT}/ResearchKit/ResearchKit/Localized/uk.lproj",
				"${PODS_ROOT}/ResearchKit/ResearchKit/Localized/vi.lproj",
				"${PODS_ROOT}/ResearchKit/ResearchKit/Localized/zh_CN.lproj",
				"${PODS_ROOT}/ResearchKit/ResearchKit/Localized/zh_HK.lproj",
				"${PODS_ROOT}/ResearchKit/ResearchKit/Localized/zh_TW.lproj",
			);
			name = "[CP] Copy Pods Resources";
			outputPaths = (
				"${TARGET_BUILD_DIR}/${UNLOCALIZED_RESOURCES_FOLDER_PATH}",
			);
			runOnlyForDeploymentPostprocessing = 0;
			shellPath = /bin/sh;
			shellScript = "\"${SRCROOT}/Pods/Target Support Files/Pods-BloodPressure/Pods-BloodPressure-resources.sh\"\n";
			showEnvVarsInLog = 0;
		};
		88A68DDA1FF3BF6000C30FB5 /* ShellScript */ = {
			isa = PBXShellScriptBuildPhase;
			buildActionMask = 2147483647;
			files = (
			);
			inputPaths = (
			);
			outputPaths = (
			);
			runOnlyForDeploymentPostprocessing = 0;
			shellPath = /bin/sh;
			shellScript = "\"${PODS_ROOT}/SwiftLint/swiftlint\"";
		};
		AE42A730B899FBD90F75D298 /* [CP] Embed Pods Frameworks */ = {
			isa = PBXShellScriptBuildPhase;
			buildActionMask = 2147483647;
			files = (
			);
			inputPaths = (
			);
			name = "[CP] Embed Pods Frameworks";
			outputPaths = (
			);
			runOnlyForDeploymentPostprocessing = 0;
			shellPath = /bin/sh;
			shellScript = "\"${SRCROOT}/Pods/Target Support Files/Pods-BloodPressureTests/Pods-BloodPressureTests-frameworks.sh\"\n";
			showEnvVarsInLog = 0;
		};
/* End PBXShellScriptBuildPhase section */

/* Begin PBXSourcesBuildPhase section */
		8865CCC71FEC0C40009633D1 /* Sources */ = {
			isa = PBXSourcesBuildPhase;
			buildActionMask = 2147483647;
			files = (
				8865CCCF1FEC0C40009633D1 /* AppDelegate.swift in Sources */,
				8889BDBC2008C7C800C2A2E5 /* HRMeasurementViewController.swift in Sources */,
				8845D2171FF83CB200F44192 /* SymptomTrackerViewModel.swift in Sources */,
				8845D21D1FFAAAFE00F44192 /* Activity.swift in Sources */,
				8800651B1FFD24AD0074E6EC /* BluetoothManager.swift in Sources */,
				881266021FED39070080C931 /* RootViewController.swift in Sources */,
				881266061FED44DE0080C931 /* MainTabBarController.swift in Sources */,
				88A68DD81FF3BCAB00C30FB5 /* App.swift in Sources */,
				88A68DDC1FF3CF9B00C30FB5 /* Screens.swift in Sources */,
				8889BDB12007840F00C2A2E5 /* BTSelectionViewModel.swift in Sources */,
				880065101FFB93CA0074E6EC /* AssessmentTaskCoordinator.swift in Sources */,
				8845D21B1FF90EFF00F44192 /* DependencyContainer.swift in Sources */,
				8845D2151FF82A4300F44192 /* SymptomTrackerViewController.swift in Sources */,
				8802E6B620038BD6004F885E /* HeartRateMeasurement.swift in Sources */,
				88A68DE41FF4065300C30FB5 /* SymptomTrackerCoordinator.swift in Sources */,
				8889BDB4200784E100C2A2E5 /* BTSelectionViewController.swift in Sources */,
				88A68DE21FF3F16600C30FB5 /* BloodPressure.swift in Sources */,
				8889BDAD2007831A00C2A2E5 /* BTSelectionCoordinator.swift in Sources */,
				88A68DE01FF3E2CB00C30FB5 /* RestingHeartRate.swift in Sources */,
				880065151FFBA8810074E6EC /* AssessmentTaskViewController.swift in Sources */,
				88A68DD61FF3B64C00C30FB5 /* AutoLayout.swift in Sources */,
				8845D2201FFAB74B00F44192 /* SampleData.swift in Sources */,
				88A68DD11FF3AB3200C30FB5 /* CarePlanStoreManager.swift in Sources */,
				880065121FFB96C70074E6EC /* AssessmentTaskViewModel.swift in Sources */,
				8889BDB82007C66000C2A2E5 /* PeripheralTableViewCell.swift in Sources */,
			);
			runOnlyForDeploymentPostprocessing = 0;
		};
		8865CCDB1FEC0C40009633D1 /* Sources */ = {
			isa = PBXSourcesBuildPhase;
			buildActionMask = 2147483647;
			files = (
				8802E6B420038B7C004F885E /* HeartRateTests.swift in Sources */,
				8865CCE41FEC0C40009633D1 /* BloodPressureTests.swift in Sources */,
			);
			runOnlyForDeploymentPostprocessing = 0;
		};
/* End PBXSourcesBuildPhase section */

/* Begin PBXTargetDependency section */
		8865CCE11FEC0C40009633D1 /* PBXTargetDependency */ = {
			isa = PBXTargetDependency;
			target = 8865CCCA1FEC0C40009633D1 /* BloodPressure */;
			targetProxy = 8865CCE01FEC0C40009633D1 /* PBXContainerItemProxy */;
		};
/* End PBXTargetDependency section */

/* Begin PBXVariantGroup section */
		8865CCD71FEC0C40009633D1 /* LaunchScreen.storyboard */ = {
			isa = PBXVariantGroup;
			children = (
				8865CCD81FEC0C40009633D1 /* Base */,
			);
			name = LaunchScreen.storyboard;
			sourceTree = "<group>";
		};
/* End PBXVariantGroup section */

/* Begin XCBuildConfiguration section */
		8865CCE61FEC0C40009633D1 /* Debug */ = {
			isa = XCBuildConfiguration;
			buildSettings = {
				ALWAYS_SEARCH_USER_PATHS = NO;
				CLANG_ANALYZER_NONNULL = YES;
				CLANG_ANALYZER_NUMBER_OBJECT_CONVERSION = YES_AGGRESSIVE;
				CLANG_CXX_LANGUAGE_STANDARD = "gnu++14";
				CLANG_CXX_LIBRARY = "libc++";
				CLANG_ENABLE_MODULES = YES;
				CLANG_ENABLE_OBJC_ARC = YES;
				CLANG_WARN_BLOCK_CAPTURE_AUTORELEASING = YES;
				CLANG_WARN_BOOL_CONVERSION = YES;
				CLANG_WARN_COMMA = YES;
				CLANG_WARN_CONSTANT_CONVERSION = YES;
				CLANG_WARN_DIRECT_OBJC_ISA_USAGE = YES_ERROR;
				CLANG_WARN_DOCUMENTATION_COMMENTS = YES;
				CLANG_WARN_EMPTY_BODY = YES;
				CLANG_WARN_ENUM_CONVERSION = YES;
				CLANG_WARN_INFINITE_RECURSION = YES;
				CLANG_WARN_INT_CONVERSION = YES;
				CLANG_WARN_NON_LITERAL_NULL_CONVERSION = YES;
				CLANG_WARN_OBJC_LITERAL_CONVERSION = YES;
				CLANG_WARN_OBJC_ROOT_CLASS = YES_ERROR;
				CLANG_WARN_RANGE_LOOP_ANALYSIS = YES;
				CLANG_WARN_STRICT_PROTOTYPES = YES;
				CLANG_WARN_SUSPICIOUS_MOVE = YES;
				CLANG_WARN_UNGUARDED_AVAILABILITY = YES_AGGRESSIVE;
				CLANG_WARN_UNREACHABLE_CODE = YES;
				CLANG_WARN__DUPLICATE_METHOD_MATCH = YES;
				CODE_SIGN_IDENTITY = "iPhone Developer";
				COPY_PHASE_STRIP = NO;
				DEBUG_INFORMATION_FORMAT = dwarf;
				ENABLE_STRICT_OBJC_MSGSEND = YES;
				ENABLE_TESTABILITY = YES;
				GCC_C_LANGUAGE_STANDARD = gnu11;
				GCC_DYNAMIC_NO_PIC = NO;
				GCC_NO_COMMON_BLOCKS = YES;
				GCC_OPTIMIZATION_LEVEL = 0;
				GCC_PREPROCESSOR_DEFINITIONS = (
					"DEBUG=1",
					"$(inherited)",
				);
				GCC_WARN_64_TO_32_BIT_CONVERSION = YES;
				GCC_WARN_ABOUT_RETURN_TYPE = YES_ERROR;
				GCC_WARN_UNDECLARED_SELECTOR = YES;
				GCC_WARN_UNINITIALIZED_AUTOS = YES_AGGRESSIVE;
				GCC_WARN_UNUSED_FUNCTION = YES;
				GCC_WARN_UNUSED_VARIABLE = YES;
				IPHONEOS_DEPLOYMENT_TARGET = 11.2;
				MTL_ENABLE_DEBUG_INFO = YES;
				ONLY_ACTIVE_ARCH = YES;
				SDKROOT = iphoneos;
				SWIFT_ACTIVE_COMPILATION_CONDITIONS = DEBUG;
				SWIFT_OPTIMIZATION_LEVEL = "-Onone";
			};
			name = Debug;
		};
		8865CCE71FEC0C40009633D1 /* Release */ = {
			isa = XCBuildConfiguration;
			buildSettings = {
				ALWAYS_SEARCH_USER_PATHS = NO;
				CLANG_ANALYZER_NONNULL = YES;
				CLANG_ANALYZER_NUMBER_OBJECT_CONVERSION = YES_AGGRESSIVE;
				CLANG_CXX_LANGUAGE_STANDARD = "gnu++14";
				CLANG_CXX_LIBRARY = "libc++";
				CLANG_ENABLE_MODULES = YES;
				CLANG_ENABLE_OBJC_ARC = YES;
				CLANG_WARN_BLOCK_CAPTURE_AUTORELEASING = YES;
				CLANG_WARN_BOOL_CONVERSION = YES;
				CLANG_WARN_COMMA = YES;
				CLANG_WARN_CONSTANT_CONVERSION = YES;
				CLANG_WARN_DIRECT_OBJC_ISA_USAGE = YES_ERROR;
				CLANG_WARN_DOCUMENTATION_COMMENTS = YES;
				CLANG_WARN_EMPTY_BODY = YES;
				CLANG_WARN_ENUM_CONVERSION = YES;
				CLANG_WARN_INFINITE_RECURSION = YES;
				CLANG_WARN_INT_CONVERSION = YES;
				CLANG_WARN_NON_LITERAL_NULL_CONVERSION = YES;
				CLANG_WARN_OBJC_LITERAL_CONVERSION = YES;
				CLANG_WARN_OBJC_ROOT_CLASS = YES_ERROR;
				CLANG_WARN_RANGE_LOOP_ANALYSIS = YES;
				CLANG_WARN_STRICT_PROTOTYPES = YES;
				CLANG_WARN_SUSPICIOUS_MOVE = YES;
				CLANG_WARN_UNGUARDED_AVAILABILITY = YES_AGGRESSIVE;
				CLANG_WARN_UNREACHABLE_CODE = YES;
				CLANG_WARN__DUPLICATE_METHOD_MATCH = YES;
				CODE_SIGN_IDENTITY = "iPhone Developer";
				COPY_PHASE_STRIP = NO;
				DEBUG_INFORMATION_FORMAT = "dwarf-with-dsym";
				ENABLE_NS_ASSERTIONS = NO;
				ENABLE_STRICT_OBJC_MSGSEND = YES;
				GCC_C_LANGUAGE_STANDARD = gnu11;
				GCC_NO_COMMON_BLOCKS = YES;
				GCC_WARN_64_TO_32_BIT_CONVERSION = YES;
				GCC_WARN_ABOUT_RETURN_TYPE = YES_ERROR;
				GCC_WARN_UNDECLARED_SELECTOR = YES;
				GCC_WARN_UNINITIALIZED_AUTOS = YES_AGGRESSIVE;
				GCC_WARN_UNUSED_FUNCTION = YES;
				GCC_WARN_UNUSED_VARIABLE = YES;
				IPHONEOS_DEPLOYMENT_TARGET = 11.2;
				MTL_ENABLE_DEBUG_INFO = NO;
				SDKROOT = iphoneos;
				SWIFT_OPTIMIZATION_LEVEL = "-Owholemodule";
				VALIDATE_PRODUCT = YES;
			};
			name = Release;
		};
		8865CCE91FEC0C40009633D1 /* Debug */ = {
			isa = XCBuildConfiguration;
			baseConfigurationReference = 8B4D17917C094C73D15910D0 /* Pods-BloodPressure.debug.xcconfig */;
			buildSettings = {
				ASSETCATALOG_COMPILER_APPICON_NAME = AppIcon;
				CODE_SIGN_ENTITLEMENTS = BloodPressure/BloodPressure.entitlements;
				CODE_SIGN_STYLE = Automatic;
				DEVELOPMENT_TEAM = 7E835U7QXG;
				INFOPLIST_FILE = BloodPressure/Info.plist;
				IPHONEOS_DEPLOYMENT_TARGET = 10.0;
				LD_RUNPATH_SEARCH_PATHS = "$(inherited) @executable_path/Frameworks";
				PRODUCT_BUNDLE_IDENTIFIER = com.htdevelopers.BloodPressure;
				PRODUCT_NAME = "$(TARGET_NAME)";
				SWIFT_VERSION = 4.0;
				TARGETED_DEVICE_FAMILY = "1,2";
			};
			name = Debug;
		};
		8865CCEA1FEC0C40009633D1 /* Release */ = {
			isa = XCBuildConfiguration;
			baseConfigurationReference = 6C1B4E645D100CE81F45F399 /* Pods-BloodPressure.release.xcconfig */;
			buildSettings = {
				ASSETCATALOG_COMPILER_APPICON_NAME = AppIcon;
				CODE_SIGN_ENTITLEMENTS = BloodPressure/BloodPressure.entitlements;
				CODE_SIGN_STYLE = Automatic;
				DEVELOPMENT_TEAM = 7E835U7QXG;
				INFOPLIST_FILE = BloodPressure/Info.plist;
				IPHONEOS_DEPLOYMENT_TARGET = 10.0;
				LD_RUNPATH_SEARCH_PATHS = "$(inherited) @executable_path/Frameworks";
				PRODUCT_BUNDLE_IDENTIFIER = com.htdevelopers.BloodPressure;
				PRODUCT_NAME = "$(TARGET_NAME)";
				SWIFT_VERSION = 4.0;
				TARGETED_DEVICE_FAMILY = "1,2";
			};
			name = Release;
		};
		8865CCEC1FEC0C40009633D1 /* Debug */ = {
			isa = XCBuildConfiguration;
			baseConfigurationReference = 306F39FCA5D07315479CA0B4 /* Pods-BloodPressureTests.debug.xcconfig */;
			buildSettings = {
				ALWAYS_EMBED_SWIFT_STANDARD_LIBRARIES = YES;
				BUNDLE_LOADER = "$(TEST_HOST)";
				CODE_SIGN_STYLE = Automatic;
				DEVELOPMENT_TEAM = 7E835U7QXG;
				INFOPLIST_FILE = BloodPressureTests/Info.plist;
				LD_RUNPATH_SEARCH_PATHS = "$(inherited) @executable_path/Frameworks @loader_path/Frameworks";
				PRODUCT_BUNDLE_IDENTIFIER = com.htdevelopers.BloodPressureTests;
				PRODUCT_NAME = "$(TARGET_NAME)";
				SWIFT_VERSION = 4.0;
				TARGETED_DEVICE_FAMILY = "1,2";
				TEST_HOST = "$(BUILT_PRODUCTS_DIR)/BloodPressure.app/BloodPressure";
			};
			name = Debug;
		};
		8865CCED1FEC0C40009633D1 /* Release */ = {
			isa = XCBuildConfiguration;
			baseConfigurationReference = 49D6C28BDD4D269D5AB386CA /* Pods-BloodPressureTests.release.xcconfig */;
			buildSettings = {
				ALWAYS_EMBED_SWIFT_STANDARD_LIBRARIES = YES;
				BUNDLE_LOADER = "$(TEST_HOST)";
				CODE_SIGN_STYLE = Automatic;
				DEVELOPMENT_TEAM = 7E835U7QXG;
				INFOPLIST_FILE = BloodPressureTests/Info.plist;
				LD_RUNPATH_SEARCH_PATHS = "$(inherited) @executable_path/Frameworks @loader_path/Frameworks";
				PRODUCT_BUNDLE_IDENTIFIER = com.htdevelopers.BloodPressureTests;
				PRODUCT_NAME = "$(TARGET_NAME)";
				SWIFT_VERSION = 4.0;
				TARGETED_DEVICE_FAMILY = "1,2";
				TEST_HOST = "$(BUILT_PRODUCTS_DIR)/BloodPressure.app/BloodPressure";
			};
			name = Release;
		};
/* End XCBuildConfiguration section */

/* Begin XCConfigurationList section */
		8865CCC61FEC0C40009633D1 /* Build configuration list for PBXProject "BloodPressure" */ = {
			isa = XCConfigurationList;
			buildConfigurations = (
				8865CCE61FEC0C40009633D1 /* Debug */,
				8865CCE71FEC0C40009633D1 /* Release */,
			);
			defaultConfigurationIsVisible = 0;
			defaultConfigurationName = Release;
		};
		8865CCE81FEC0C40009633D1 /* Build configuration list for PBXNativeTarget "BloodPressure" */ = {
			isa = XCConfigurationList;
			buildConfigurations = (
				8865CCE91FEC0C40009633D1 /* Debug */,
				8865CCEA1FEC0C40009633D1 /* Release */,
			);
			defaultConfigurationIsVisible = 0;
			defaultConfigurationName = Release;
		};
		8865CCEB1FEC0C40009633D1 /* Build configuration list for PBXNativeTarget "BloodPressureTests" */ = {
			isa = XCConfigurationList;
			buildConfigurations = (
				8865CCEC1FEC0C40009633D1 /* Debug */,
				8865CCED1FEC0C40009633D1 /* Release */,
			);
			defaultConfigurationIsVisible = 0;
			defaultConfigurationName = Release;
		};
/* End XCConfigurationList section */
	};
	rootObject = 8865CCC31FEC0C40009633D1 /* Project object */;
}
